{
  "name": "workspace",
  "version": "1.0.0",
  "lockfileVersion": 3,
  "requires": true,
  "packages": {
    "": {
      "name": "workspace",
      "version": "1.0.0",
      "license": "ISC",
      "dependencies": {
        "try-catch": "^4.0.7"
      }
    },
    "node_modules/try-catch": {
      "version": "4.0.7",
      "resolved": "https://registry.npmjs.org/try-catch/-/try-catch-4.0.7.tgz",
      "integrity": "sha512-gkBWUxbiN4T4PsO8KhoQYWzUPN6e0/h12H9H3YhcfPbwaN8b84fy8cFqL4rWTiPh7qHPFaEfklr6OkVxYRW0Gg==",
      "license": "MIT",
      "engines": {
        "node": ">=22"
      }
    }
  }
}
